{
  "name": "web-blog",
  "version": "1.0.0",
  "lockfileVersion": 1,
  "requires": true,
  "dependencies": {
    "aos": {
      "version": "2.3.4",
      "resolved": "https://registry.npm.taobao.org/aos/download/aos-2.3.4.tgz",
      "integrity": "sha1-6xwp9cGAahl89jIwgHR1R+3T244=",
      "requires": {
        "classlist-polyfill": "^1.0.3",
        "lodash.debounce": "^4.0.6",
        "lodash.throttle": "^4.0.1"
      }
    },
    "bootstrap": {
      "version": "4.4.1",
      "resolved": "https://registry.npm.taobao.org/bootstrap/download/bootstrap-4.4.1.tgz",
      "integrity": "sha1-hYKWDuoMXNK+3oTYsLrzeJw+iwE="
    },
    "classlist-polyfill": {
      "version": "1.2.0",
      "resolved": "https://registry.npm.taobao.org/classlist-polyfill/download/classlist-polyfill-1.2.0.tgz",
      "integrity": "sha1-k1vC39lFiodrJ5YXUUY4vKqWSi4="
    },
    "jquery": {
      "version": "3.4.1",
      "resolved": "https://registry.npm.taobao.org/jquery/download/jquery-3.4.1.tgz",
      "integrity": "sha1-cU8fjZ3eS9+lV2S6N+8hRjDYDvI="
    },
    "lodash.debounce": {
      "version": "4.0.8",
      "resolved": "https://registry.npm.taobao.org/lodash.debounce/download/lodash.debounce-4.0.8.tgz",
      "integrity": "sha1-gteb/zCmfEAF/9XiUVMArZyk168="
    },
    "lodash.throttle": {
      "version": "4.1.1",
      "resolved": "https://registry.npm.taobao.org/lodash.throttle/download/lodash.throttle-4.1.1.tgz",
      "integrity": "sha1-wj6RtxAkKscMN/HhzaknTMOb8vQ="
    },
    "popper.js": {
      "version": "1.16.0",
      "resolved": "https://registry.npm.taobao.org/popper.js/download/popper.js-1.16.0.tgz",
      "integrity": "sha1-LhgWvLuqUY6mwuFaRm9Mucbi+7M="
    }
  }
}
